
Microsoft Visual Studio Solution File, Format Version 12.00
# Visual Studio Version 16
VisualStudioVersion = 16.0.31205.134
MinimumVisualStudioVersion = 10.0.40219.1
Project("{FAE04EC0-301F-11D3-BF4B-00C04F79EFBC}") = "ArrayWorker", "TaskOne\ArrayWorker.csproj", "{4DC714AC-3469-4244-9E69-FFD6AD1BA455}"
EndProject
Project("{FAE04EC0-301F-11D3-BF4B-00C04F79EFBC}") = "TaskTwo", "ConsoleApp1\TaskTwo.csproj", "{E6F8ACF5-1EBE-4FB1-831F-21F40A87F911}"
EndProject
Global
	GlobalSection(SolutionConfigurationPlatforms) = preSolution
		Debug|Any CPU = Debug|Any CPU
		Release|Any CPU = Release|Any CPU
	EndGlobalSection
	GlobalSection(ProjectConfigurationPlatforms) = postSolution
		{4DC714AC-3469-4244-9E69-FFD6AD1BA455}.Debug|Any CPU.ActiveCfg = Debug|Any CPU
		{4DC714AC-3469-4244-9E69-FFD6AD1BA455}.Debug|Any CPU.Build.0 = Debug|Any CPU
		{4DC714AC-3469-4244-9E69-FFD6AD1BA455}.Release|Any CPU.ActiveCfg = Release|Any CPU
		{4DC714AC-3469-4244-9E69-FFD6AD1BA455}.Release|Any CPU.Build.0 = Release|Any CPU
		{E6F8ACF5-1EBE-4FB1-831F-21F40A87F911}.Debug|Any CPU.ActiveCfg = Debug|Any CPU
		{E6F8ACF5-1EBE-4FB1-831F-21F40A87F911}.Debug|Any CPU.Build.0 = Debug|Any CPU
		{E6F8ACF5-1EBE-4FB1-831F-21F40A87F911}.Release|Any CPU.ActiveCfg = Release|Any CPU
		{E6F8ACF5-1EBE-4FB1-831F-21F40A87F911}.Release|Any CPU.Build.0 = Release|Any CPU
	EndGlobalSection
	GlobalSection(SolutionProperties) = preSolution
		HideSolutionNode = FALSE
	EndGlobalSection
	GlobalSection(ExtensibilityGlobals) = postSolution
		SolutionGuid = {30775EED-1DF6-456A-8477-FC19BAD5BBD6}
	EndGlobalSection
EndGlobal
